
Microsoft Visual Studio Solution File, Format Version 12.00
# Visual Studio Version 17
VisualStudioVersion = 17.3.32819.101
MinimumVisualStudioVersion = 10.0.40219.1
Project("{FAE04EC0-301F-11D3-BF4B-00C04F79EFBC}") = "TennisScoreApp", "TennisScoreApp\TennisScoreApp.csproj", "{9C206153-DA00-47E6-958B-BF7F77BECA7F}"
EndProject
Project("{FAE04EC0-301F-11D3-BF4B-00C04F79EFBC}") = "TennisScoreAppUnitTests", "TennisScoreAppUnitTests\TennisScoreAppUnitTests.csproj", "{CD18075F-1B4F-4C61-9F09-3684046ABAD0}"
EndProject
Global
	GlobalSection(SolutionConfigurationPlatforms) = preSolution
		Debug|Any CPU = Debug|Any CPU
		Release|Any CPU = Release|Any CPU
	EndGlobalSection
	GlobalSection(ProjectConfigurationPlatforms) = postSolution
		{9C206153-DA00-47E6-958B-BF7F77BECA7F}.Debug|Any CPU.ActiveCfg = Debug|Any CPU
		{9C206153-DA00-47E6-958B-BF7F77BECA7F}.Debug|Any CPU.Build.0 = Debug|Any CPU
		{9C206153-DA00-47E6-958B-BF7F77BECA7F}.Release|Any CPU.ActiveCfg = Release|Any CPU
		{9C206153-DA00-47E6-958B-BF7F77BECA7F}.Release|Any CPU.Build.0 = Release|Any CPU
		{CD18075F-1B4F-4C61-9F09-3684046ABAD0}.Debug|Any CPU.ActiveCfg = Debug|Any CPU
		{CD18075F-1B4F-4C61-9F09-3684046ABAD0}.Debug|Any CPU.Build.0 = Debug|Any CPU
		{CD18075F-1B4F-4C61-9F09-3684046ABAD0}.Release|Any CPU.ActiveCfg = Release|Any CPU
		{CD18075F-1B4F-4C61-9F09-3684046ABAD0}.Release|Any CPU.Build.0 = Release|Any CPU
	EndGlobalSection
	GlobalSection(SolutionProperties) = preSolution
		HideSolutionNode = FALSE
	EndGlobalSection
	GlobalSection(ExtensibilityGlobals) = postSolution
		SolutionGuid = {68E3DE7A-26DD-4F90-8E1E-B34696CF4719}
	EndGlobalSection
EndGlobal
